{
  "name": "falsegreen-skill",
  "version": "0.8.2",
  "lockfileVersion": 3,
  "requires": true,
  "packages": {
    "": {
      "name": "falsegreen-skill",
      "version": "0.8.2",
      "license": "MIT",
      "bin": {
        "falsegreen-skill": "bin/falsegreen-llm.js"
      },
      "engines": {
        "node": ">=18"
      }
    }
  }
}
